
Microsoft Visual Studio Solution File, Format Version 12.00
# Visual Studio 15
VisualStudioVersion = 15.0.26430.13
MinimumVisualStudioVersion = 10.0.40219.1
Project("{FAE04EC0-301F-11D3-BF4B-00C04F79EFBC}") = "ZG.Store.Public", "ZG.Store.Public\ZG.Store.Public.csproj", "{17C6081B-F0E4-4DBB-93E7-31D2702DFBA0}"
EndProject
Project("{FAE04EC0-301F-11D3-BF4B-00C04F79EFBC}") = "ZG.Store.Admin", "ZG.Store.Admin\ZG.Store.Admin.csproj", "{1C5EA4FE-CBFA-4FAA-94AD-22DE173B8EA3}"
EndProject
Project("{FAE04EC0-301F-11D3-BF4B-00C04F79EFBC}") = "ZG.Store.Services", "ZG.Store.Services\ZG.Store.Services.csproj", "{C446A837-3186-42BF-B2F7-84F157602BFB}"
EndProject
Project("{FAE04EC0-301F-11D3-BF4B-00C04F79EFBC}") = "ZG.Store.Common", "ZG.Store.Common\ZG.Store.Common.csproj", "{F149E529-BD0A-4664-B3FA-818E242263AB}"
EndProject
Project("{FAE04EC0-301F-11D3-BF4B-00C04F79EFBC}") = "ZG.Store.Domain", "ZG.Store.Domain\ZG.Store.Domain.csproj", "{44E80F7E-AD54-439C-8962-A8AC34772B2B}"
EndProject
Global
	GlobalSection(SolutionConfigurationPlatforms) = preSolution
		Debug|Any CPU = Debug|Any CPU
		Release|Any CPU = Release|Any CPU
	EndGlobalSection
	GlobalSection(ProjectConfigurationPlatforms) = postSolution
		{17C6081B-F0E4-4DBB-93E7-31D2702DFBA0}.Debug|Any CPU.ActiveCfg = Debug|Any CPU
		{17C6081B-F0E4-4DBB-93E7-31D2702DFBA0}.Debug|Any CPU.Build.0 = Debug|Any CPU
		{17C6081B-F0E4-4DBB-93E7-31D2702DFBA0}.Release|Any CPU.ActiveCfg = Release|Any CPU
		{17C6081B-F0E4-4DBB-93E7-31D2702DFBA0}.Release|Any CPU.Build.0 = Release|Any CPU
		{1C5EA4FE-CBFA-4FAA-94AD-22DE173B8EA3}.Debug|Any CPU.ActiveCfg = Debug|Any CPU
		{1C5EA4FE-CBFA-4FAA-94AD-22DE173B8EA3}.Debug|Any CPU.Build.0 = Debug|Any CPU
		{1C5EA4FE-CBFA-4FAA-94AD-22DE173B8EA3}.Release|Any CPU.ActiveCfg = Release|Any CPU
		{1C5EA4FE-CBFA-4FAA-94AD-22DE173B8EA3}.Release|Any CPU.Build.0 = Release|Any CPU
		{C446A837-3186-42BF-B2F7-84F157602BFB}.Debug|Any CPU.ActiveCfg = Debug|Any CPU
		{C446A837-3186-42BF-B2F7-84F157602BFB}.Debug|Any CPU.Build.0 = Debug|Any CPU
		{C446A837-3186-42BF-B2F7-84F157602BFB}.Release|Any CPU.ActiveCfg = Release|Any CPU
		{C446A837-3186-42BF-B2F7-84F157602BFB}.Release|Any CPU.Build.0 = Release|Any CPU
		{F149E529-BD0A-4664-B3FA-818E242263AB}.Debug|Any CPU.ActiveCfg = Debug|Any CPU
		{F149E529-BD0A-4664-B3FA-818E242263AB}.Debug|Any CPU.Build.0 = Debug|Any CPU
		{F149E529-BD0A-4664-B3FA-818E242263AB}.Release|Any CPU.ActiveCfg = Release|Any CPU
		{F149E529-BD0A-4664-B3FA-818E242263AB}.Release|Any CPU.Build.0 = Release|Any CPU
		{44E80F7E-AD54-439C-8962-A8AC34772B2B}.Debug|Any CPU.ActiveCfg = Debug|Any CPU
		{44E80F7E-AD54-439C-8962-A8AC34772B2B}.Debug|Any CPU.Build.0 = Debug|Any CPU
		{44E80F7E-AD54-439C-8962-A8AC34772B2B}.Release|Any CPU.ActiveCfg = Release|Any CPU
		{44E80F7E-AD54-439C-8962-A8AC34772B2B}.Release|Any CPU.Build.0 = Release|Any CPU
	EndGlobalSection
	GlobalSection(SolutionProperties) = preSolution
		HideSolutionNode = FALSE
	EndGlobalSection
EndGlobal
